
Microsoft Visual Studio Solution File, Format Version 12.00
# Visual Studio 15
VisualStudioVersion = 15.0.27703.2047
MinimumVisualStudioVersion = 10.0.40219.1
Project("{FAE04EC0-301F-11D3-BF4B-00C04F79EFBC}") = "BouncingBallDemo", "BouncingBallDemo\BouncingBallDemo.csproj", "{B11D4F0E-A923-463F-ABDC-FEDAA1123DCE}"
EndProject
Global
	GlobalSection(SolutionConfigurationPlatforms) = preSolution
		Debug|Any CPU = Debug|Any CPU
		Release|Any CPU = Release|Any CPU
	EndGlobalSection
	GlobalSection(ProjectConfigurationPlatforms) = postSolution
		{B11D4F0E-A923-463F-ABDC-FEDAA1123DCE}.Debug|Any CPU.ActiveCfg = Debug|Any CPU
		{B11D4F0E-A923-463F-ABDC-FEDAA1123DCE}.Debug|Any CPU.Build.0 = Debug|Any CPU
		{B11D4F0E-A923-463F-ABDC-FEDAA1123DCE}.Release|Any CPU.ActiveCfg = Release|Any CPU
		{B11D4F0E-A923-463F-ABDC-FEDAA1123DCE}.Release|Any CPU.Build.0 = Release|Any CPU
	EndGlobalSection
	GlobalSection(SolutionProperties) = preSolution
		HideSolutionNode = FALSE
	EndGlobalSection
	GlobalSection(ExtensibilityGlobals) = postSolution
		SolutionGuid = {7B126E78-B42A-485F-BFB3-FDF117EBCA57}
	EndGlobalSection
EndGlobal
