
Microsoft Visual Studio Solution File, Format Version 12.00
# Visual Studio 15
VisualStudioVersion = 15.0.27130.2036
MinimumVisualStudioVersion = 10.0.40219.1
Project("{FAE04EC0-301F-11D3-BF4B-00C04F79EFBC}") = "WavesDemo", "WavesDemo\WavesDemo.csproj", "{53E1F985-6AB7-4328-B793-5A10A59E7404}"
EndProject
Global
	GlobalSection(SolutionConfigurationPlatforms) = preSolution
		Debug|Any CPU = Debug|Any CPU
		Release|Any CPU = Release|Any CPU
	EndGlobalSection
	GlobalSection(ProjectConfigurationPlatforms) = postSolution
		{53E1F985-6AB7-4328-B793-5A10A59E7404}.Debug|Any CPU.ActiveCfg = Debug|Any CPU
		{53E1F985-6AB7-4328-B793-5A10A59E7404}.Debug|Any CPU.Build.0 = Debug|Any CPU
		{53E1F985-6AB7-4328-B793-5A10A59E7404}.Release|Any CPU.ActiveCfg = Release|Any CPU
		{53E1F985-6AB7-4328-B793-5A10A59E7404}.Release|Any CPU.Build.0 = Release|Any CPU
	EndGlobalSection
	GlobalSection(SolutionProperties) = preSolution
		HideSolutionNode = FALSE
	EndGlobalSection
	GlobalSection(ExtensibilityGlobals) = postSolution
		SolutionGuid = {587D2F6D-77A9-4B9D-9D2F-3230E18C7E84}
	EndGlobalSection
EndGlobal
